
Microsoft Visual Studio Solution File, Format Version 12.00
# Visual Studio Version 17
VisualStudioVersion = 17.14.36616.10 d17.14
MinimumVisualStudioVersion = 10.0.40219.1
Project("{FAE04EC0-301F-11D3-BF4B-00C04F79EFBC}") = "makeYourOwnQuiz", "makeYourOwnQuiz\makeYourOwnQuiz.csproj", "{CAC2913B-4CDA-4179-BE23-B869A0F3DF07}"
EndProject
Global
	GlobalSection(SolutionConfigurationPlatforms) = preSolution
		Debug|Any CPU = Debug|Any CPU
		Release|Any CPU = Release|Any CPU
	EndGlobalSection
	GlobalSection(ProjectConfigurationPlatforms) = postSolution
		{CAC2913B-4CDA-4179-BE23-B869A0F3DF07}.Debug|Any CPU.ActiveCfg = Debug|Any CPU
		{CAC2913B-4CDA-4179-BE23-B869A0F3DF07}.Debug|Any CPU.Build.0 = Debug|Any CPU
		{CAC2913B-4CDA-4179-BE23-B869A0F3DF07}.Release|Any CPU.ActiveCfg = Release|Any CPU
		{CAC2913B-4CDA-4179-BE23-B869A0F3DF07}.Release|Any CPU.Build.0 = Release|Any CPU
	EndGlobalSection
	GlobalSection(SolutionProperties) = preSolution
		HideSolutionNode = FALSE
	EndGlobalSection
	GlobalSection(ExtensibilityGlobals) = postSolution
		SolutionGuid = {5E27FDA0-DB2A-43D0-95C6-6396E84DDCB8}
	EndGlobalSection
EndGlobal
